
Microsoft Visual Studio Solution File, Format Version 12.00
# Visual Studio 2013
VisualStudioVersion = 12.0.21005.1
MinimumVisualStudioVersion = 10.0.40219.1
Project("{FAE04EC0-301F-11D3-BF4B-00C04F79EFBC}") = "CSharp直接连接数据库", "CSharp直接连接数据库\CSharp直接连接数据库.csproj", "{F2F8735B-1FD2-46F2-933D-B7FBDABD27F8}"
EndProject
Project("{FAE04EC0-301F-11D3-BF4B-00C04F79EFBC}") = "利用NHibernate连接数据库", "利用NHibernate连接数据库\利用NHibernate连接数据库.csproj", "{4E052493-A161-4279-8A76-33E4ABCDC506}"
EndProject
Project("{FAE04EC0-301F-11D3-BF4B-00C04F79EFBC}") = "MyGameServer", "MyGameServer\MyGameServer.csproj", "{9A6D25C1-93F7-4E74-A9BD-225FC3976DBA}"
EndProject
Project("{FAE04EC0-301F-11D3-BF4B-00C04F79EFBC}") = "Common", "Common\Common.csproj", "{C3D77BA0-E019-4182-B7C0-A9EF6FC0699C}"
EndProject
Global
	GlobalSection(SolutionConfigurationPlatforms) = preSolution
		Debug|Any CPU = Debug|Any CPU
		Release|Any CPU = Release|Any CPU
	EndGlobalSection
	GlobalSection(ProjectConfigurationPlatforms) = postSolution
		{F2F8735B-1FD2-46F2-933D-B7FBDABD27F8}.Debug|Any CPU.ActiveCfg = Debug|Any CPU
		{F2F8735B-1FD2-46F2-933D-B7FBDABD27F8}.Debug|Any CPU.Build.0 = Debug|Any CPU
		{F2F8735B-1FD2-46F2-933D-B7FBDABD27F8}.Release|Any CPU.ActiveCfg = Release|Any CPU
		{F2F8735B-1FD2-46F2-933D-B7FBDABD27F8}.Release|Any CPU.Build.0 = Release|Any CPU
		{4E052493-A161-4279-8A76-33E4ABCDC506}.Debug|Any CPU.ActiveCfg = Debug|Any CPU
		{4E052493-A161-4279-8A76-33E4ABCDC506}.Debug|Any CPU.Build.0 = Debug|Any CPU
		{4E052493-A161-4279-8A76-33E4ABCDC506}.Release|Any CPU.ActiveCfg = Release|Any CPU
		{4E052493-A161-4279-8A76-33E4ABCDC506}.Release|Any CPU.Build.0 = Release|Any CPU
		{9A6D25C1-93F7-4E74-A9BD-225FC3976DBA}.Debug|Any CPU.ActiveCfg = Debug|Any CPU
		{9A6D25C1-93F7-4E74-A9BD-225FC3976DBA}.Debug|Any CPU.Build.0 = Debug|Any CPU
		{9A6D25C1-93F7-4E74-A9BD-225FC3976DBA}.Release|Any CPU.ActiveCfg = Release|Any CPU
		{9A6D25C1-93F7-4E74-A9BD-225FC3976DBA}.Release|Any CPU.Build.0 = Release|Any CPU
		{C3D77BA0-E019-4182-B7C0-A9EF6FC0699C}.Debug|Any CPU.ActiveCfg = Debug|Any CPU
		{C3D77BA0-E019-4182-B7C0-A9EF6FC0699C}.Debug|Any CPU.Build.0 = Debug|Any CPU
		{C3D77BA0-E019-4182-B7C0-A9EF6FC0699C}.Release|Any CPU.ActiveCfg = Release|Any CPU
		{C3D77BA0-E019-4182-B7C0-A9EF6FC0699C}.Release|Any CPU.Build.0 = Release|Any CPU
	EndGlobalSection
	GlobalSection(SolutionProperties) = preSolution
		HideSolutionNode = FALSE
	EndGlobalSection
EndGlobal
